
Microsoft Visual Studio Solution File, Format Version 12.00
# Visual Studio Version 17
VisualStudioVersion = 17.9.34902.65
MinimumVisualStudioVersion = 10.0.40219.1
Project("{FAE04EC0-301F-11D3-BF4B-00C04F79EFBC}") = "FileProcessing", "FileProcessing\FileProcessing.csproj", "{B95250BD-904B-49A0-8036-77E4065F336E}"
EndProject
Global
	GlobalSection(SolutionConfigurationPlatforms) = preSolution
		Debug|Any CPU = Debug|Any CPU
		Release|Any CPU = Release|Any CPU
	EndGlobalSection
	GlobalSection(ProjectConfigurationPlatforms) = postSolution
		{B95250BD-904B-49A0-8036-77E4065F336E}.Debug|Any CPU.ActiveCfg = Debug|Any CPU
		{B95250BD-904B-49A0-8036-77E4065F336E}.Debug|Any CPU.Build.0 = Debug|Any CPU
		{B95250BD-904B-49A0-8036-77E4065F336E}.Release|Any CPU.ActiveCfg = Release|Any CPU
		{B95250BD-904B-49A0-8036-77E4065F336E}.Release|Any CPU.Build.0 = Release|Any CPU
	EndGlobalSection
	GlobalSection(SolutionProperties) = preSolution
		HideSolutionNode = FALSE
	EndGlobalSection
	GlobalSection(ExtensibilityGlobals) = postSolution
		SolutionGuid = {0E7FD53B-7302-413A-99E7-FC0E13DB78D3}
	EndGlobalSection
EndGlobal
